// !$*UTF8*$!
{
	archiveVersion = 1;
	classes = {
	};
	objectVersion = 55;
	objects = {

/* Begin PBXBuildFile section */
		341DD6B927674A0E00507F1F /* AppDelegate.swift in Sources */ = {isa = PBXBuildFile; fileRef = 341DD6B827674A0E00507F1F /* AppDelegate.swift */; };
		341DD6BD27674A0E00507F1F /* ExpensesVC.swift in Sources */ = {isa = PBXBuildFile; fileRef = 341DD6BC27674A0E00507F1F /* ExpensesVC.swift */; };
		341DD6C027674A0E00507F1F /* Main.storyboard in Resources */ = {isa = PBXBuildFile; fileRef = 341DD6BE27674A0E00507F1F /* Main.storyboard */; };
		341DD6C227674A1000507F1F /* Assets.xcassets in Resources */ = {isa = PBXBuildFile; fileRef = 341DD6C127674A1000507F1F /* Assets.xcassets */; };
		341DD6C527674A1000507F1F /* LaunchScreen.storyboard in Resources */ = {isa = PBXBuildFile; fileRef = 341DD6C327674A1000507F1F /* LaunchScreen.storyboard */; };
		341DD6D027674A1000507F1F /* e_conomicTests.swift in Sources */ = {isa = PBXBuildFile; fileRef = 341DD6CF27674A1000507F1F /* e_conomicTests.swift */; };
		341DD6DA27674A1000507F1F /* e_conomicUITests.swift in Sources */ = {isa = PBXBuildFile; fileRef = 341DD6D927674A1000507F1F /* e_conomicUITests.swift */; };
		341DD6DC27674A1000507F1F /* e_conomicUITestsLaunchTests.swift in Sources */ = {isa = PBXBuildFile; fileRef = 341DD6DB27674A1000507F1F /* e_conomicUITestsLaunchTests.swift */; };
		341DD6F32767545800507F1F /* UIView+Init.swift in Sources */ = {isa = PBXBuildFile; fileRef = 341DD6F22767545800507F1F /* UIView+Init.swift */; };
		341DD6F52767548A00507F1F /* UIView+Layout.swift in Sources */ = {isa = PBXBuildFile; fileRef = 341DD6F42767548A00507F1F /* UIView+Layout.swift */; };
		341DD6F8276754CB00507F1F /* HStackView.swift in Sources */ = {isa = PBXBuildFile; fileRef = 341DD6F7276754CB00507F1F /* HStackView.swift */; };
		341DD6FA276754DF00507F1F /* VStackView.swift in Sources */ = {isa = PBXBuildFile; fileRef = 341DD6F9276754DF00507F1F /* VStackView.swift */; };
		341DD6FD2767553E00507F1F /* UILabel+Init.swift in Sources */ = {isa = PBXBuildFile; fileRef = 341DD6FC2767553E00507F1F /* UILabel+Init.swift */; };
		341DD7002767557600507F1F /* UIImageView+Init.swift in Sources */ = {isa = PBXBuildFile; fileRef = 341DD6FF2767557600507F1F /* UIImageView+Init.swift */; };
		341DD7032767559B00507F1F /* UIFont+Ext.swift in Sources */ = {isa = PBXBuildFile; fileRef = 341DD7022767559B00507F1F /* UIFont+Ext.swift */; };
		341DD706276755D600507F1F /* UIColor+Init.swift in Sources */ = {isa = PBXBuildFile; fileRef = 341DD705276755D600507F1F /* UIColor+Init.swift */; };
		341DD7092767560200507F1F /* UIButoon+Init.swift in Sources */ = {isa = PBXBuildFile; fileRef = 341DD7082767560200507F1F /* UIButoon+Init.swift */; };
		341DD70C2767564000507F1F /* UITextField+Init.swift in Sources */ = {isa = PBXBuildFile; fileRef = 341DD70B2767564000507F1F /* UITextField+Init.swift */; };
		341DD70F2767569000507F1F /* Notification+Ext.swift in Sources */ = {isa = PBXBuildFile; fileRef = 341DD70E2767569000507F1F /* Notification+Ext.swift */; };
		341DD71427676AEA00507F1F /* BaseCollectionViewCell.swift in Sources */ = {isa = PBXBuildFile; fileRef = 341DD71327676AEA00507F1F /* BaseCollectionViewCell.swift */; };
		341DD7162767796400507F1F /* ExpenseCell.swift in Sources */ = {isa = PBXBuildFile; fileRef = 341DD7152767796400507F1F /* ExpenseCell.swift */; };
		345B958027679057008C5B75 /* AssetManager.swift in Sources */ = {isa = PBXBuildFile; fileRef = 345B957F27679057008C5B75 /* AssetManager.swift */; };
		345B958327679EBB008C5B75 /* ExpenseDetailVC.swift in Sources */ = {isa = PBXBuildFile; fileRef = 345B958227679EBB008C5B75 /* ExpenseDetailVC.swift */; };
		345B95862767A192008C5B75 /* UIViewController+Ext.swift in Sources */ = {isa = PBXBuildFile; fileRef = 345B95852767A192008C5B75 /* UIViewController+Ext.swift */; };
/* End PBXBuildFile section */

/* Begin PBXContainerItemProxy section */
		341DD6CC27674A1000507F1F /* PBXContainerItemProxy */ = {
			isa = PBXContainerItemProxy;
			containerPortal = 341DD6AD27674A0E00507F1F /* Project object */;
			proxyType = 1;
			remoteGlobalIDString = 341DD6B427674A0E00507F1F;
			remoteInfo = "e-conomic";
		};
		341DD6D627674A1000507F1F /* PBXContainerItemProxy */ = {
			isa = PBXContainerItemProxy;
			containerPortal = 341DD6AD27674A0E00507F1F /* Project object */;
			proxyType = 1;
			remoteGlobalIDString = 341DD6B427674A0E00507F1F;
			remoteInfo = "e-conomic";
		};
/* End PBXContainerItemProxy section */

/* Begin PBXFileReference section */
		341DD6B527674A0E00507F1F /* e-conomic.app */ = {isa = PBXFileReference; explicitFileType = wrapper.application; includeInIndex = 0; path = "e-conomic.app"; sourceTree = BUILT_PRODUCTS_DIR; };
		341DD6B827674A0E00507F1F /* AppDelegate.swift */ = {isa = PBXFileReference; lastKnownFileType = sourcecode.swift; path = AppDelegate.swift; sourceTree = "<group>"; };
		341DD6BC27674A0E00507F1F /* ExpensesVC.swift */ = {isa = PBXFileReference; lastKnownFileType = sourcecode.swift; path = ExpensesVC.swift; sourceTree = "<group>"; };
		341DD6BF27674A0E00507F1F /* Base */ = {isa = PBXFileReference; lastKnownFileType = file.storyboard; name = Base; path = Base.lproj/Main.storyboard; sourceTree = "<group>"; };
		341DD6C127674A1000507F1F /* Assets.xcassets */ = {isa = PBXFileReference; lastKnownFileType = folder.assetcatalog; path = Assets.xcassets; sourceTree = "<group>"; };
		341DD6C427674A1000507F1F /* Base */ = {isa = PBXFileReference; lastKnownFileType = file.storyboard; name = Base; path = Base.lproj/LaunchScreen.storyboard; sourceTree = "<group>"; };
		341DD6C627674A1000507F1F /* Info.plist */ = {isa = PBXFileReference; lastKnownFileType = text.plist.xml; path = Info.plist; sourceTree = "<group>"; };
		341DD6CB27674A1000507F1F /* e-conomicTests.xctest */ = {isa = PBXFileReference; explicitFileType = wrapper.cfbundle; includeInIndex = 0; path = "e-conomicTests.xctest"; sourceTree = BUILT_PRODUCTS_DIR; };
		341DD6CF27674A1000507F1F /* e_conomicTests.swift */ = {isa = PBXFileReference; lastKnownFileType = sourcecode.swift; path = e_conomicTests.swift; sourceTree = "<group>"; };
		341DD6D527674A1000507F1F /* e-conomicUITests.xctest */ = {isa = PBXFileReference; explicitFileType = wrapper.cfbundle; includeInIndex = 0; path = "e-conomicUITests.xctest"; sourceTree = BUILT_PRODUCTS_DIR; };
		341DD6D927674A1000507F1F /* e_conomicUITests.swift */ = {isa = PBXFileReference; lastKnownFileType = sourcecode.swift; path = e_conomicUITests.swift; sourceTree = "<group>"; };
		341DD6DB27674A1000507F1F /* e_conomicUITestsLaunchTests.swift */ = {isa = PBXFileReference; lastKnownFileType = sourcecode.swift; path = e_conomicUITestsLaunchTests.swift; sourceTree = "<group>"; };
		341DD6F22767545800507F1F /* UIView+Init.swift */ = {isa = PBXFileReference; lastKnownFileType = sourcecode.swift; path = "UIView+Init.swift"; sourceTree = "<group>"; };
		341DD6F42767548A00507F1F /* UIView+Layout.swift */ = {isa = PBXFileReference; lastKnownFileType = sourcecode.swift; path = "UIView+Layout.swift"; sourceTree = "<group>"; };
		341DD6F7276754CB00507F1F /* HStackView.swift */ = {isa = PBXFileReference; lastKnownFileType = sourcecode.swift; path = HStackView.swift; sourceTree = "<group>"; };
		341DD6F9276754DF00507F1F /* VStackView.swift */ = {isa = PBXFileReference; lastKnownFileType = sourcecode.swift; path = VStackView.swift; sourceTree = "<group>"; };
		341DD6FC2767553E00507F1F /* UILabel+Init.swift */ = {isa = PBXFileReference; lastKnownFileType = sourcecode.swift; path = "UILabel+Init.swift"; sourceTree = "<group>"; };
		341DD6FF2767557600507F1F /* UIImageView+Init.swift */ = {isa = PBXFileReference; lastKnownFileType = sourcecode.swift; path = "UIImageView+Init.swift"; sourceTree = "<group>"; };
		341DD7022767559B00507F1F /* UIFont+Ext.swift */ = {isa = PBXFileReference; lastKnownFileType = sourcecode.swift; path = "UIFont+Ext.swift"; sourceTree = "<group>"; };
		341DD705276755D600507F1F /* UIColor+Init.swift */ = {isa = PBXFileReference; lastKnownFileType = sourcecode.swift; path = "UIColor+Init.swift"; sourceTree = "<group>"; };
		341DD7082767560200507F1F /* UIButoon+Init.swift */ = {isa = PBXFileReference; lastKnownFileType = sourcecode.swift; path = "UIButoon+Init.swift"; sourceTree = "<group>"; };
		341DD70B2767564000507F1F /* UITextField+Init.swift */ = {isa = PBXFileReference; lastKnownFileType = sourcecode.swift; path = "UITextField+Init.swift"; sourceTree = "<group>"; };
		341DD70E2767569000507F1F /* Notification+Ext.swift */ = {isa = PBXFileReference; lastKnownFileType = sourcecode.swift; path = "Notification+Ext.swift"; sourceTree = "<group>"; };
		341DD71327676AEA00507F1F /* BaseCollectionViewCell.swift */ = {isa = PBXFileReference; lastKnownFileType = sourcecode.swift; path = BaseCollectionViewCell.swift; sourceTree = "<group>"; };
		341DD7152767796400507F1F /* ExpenseCell.swift */ = {isa = PBXFileReference; lastKnownFileType = sourcecode.swift; path = ExpenseCell.swift; sourceTree = "<group>"; };
		345B957F27679057008C5B75 /* AssetManager.swift */ = {isa = PBXFileReference; lastKnownFileType = sourcecode.swift; path = AssetManager.swift; sourceTree = "<group>"; };
		345B958227679EBB008C5B75 /* ExpenseDetailVC.swift */ = {isa = PBXFileReference; lastKnownFileType = sourcecode.swift; path = ExpenseDetailVC.swift; sourceTree = "<group>"; };
		345B95852767A192008C5B75 /* UIViewController+Ext.swift */ = {isa = PBXFileReference; lastKnownFileType = sourcecode.swift; path = "UIViewController+Ext.swift"; sourceTree = "<group>"; };
/* End PBXFileReference section */

/* Begin PBXFrameworksBuildPhase section */
		341DD6B227674A0E00507F1F /* Frameworks */ = {
			isa = PBXFrameworksBuildPhase;
			buildActionMask = 2147483647;
			files = (
			);
			runOnlyForDeploymentPostprocessing = 0;
		};
		341DD6C827674A1000507F1F /* Frameworks */ = {
			isa = PBXFrameworksBuildPhase;
			buildActionMask = 2147483647;
			files = (
			);
			runOnlyForDeploymentPostprocessing = 0;
		};
		341DD6D227674A1000507F1F /* Frameworks */ = {
			isa = PBXFrameworksBuildPhase;
			buildActionMask = 2147483647;
			files = (
			);
			runOnlyForDeploymentPostprocessing = 0;
		};
/* End PBXFrameworksBuildPhase section */

/* Begin PBXGroup section */
		341DD6AC27674A0E00507F1F = {
			isa = PBXGroup;
			children = (
				341DD6B727674A0E00507F1F /* e-conomic */,
				341DD6CE27674A1000507F1F /* e-conomicTests */,
				341DD6D827674A1000507F1F /* e-conomicUITests */,
				341DD6B627674A0E00507F1F /* Products */,
			);
			sourceTree = "<group>";
		};
		341DD6B627674A0E00507F1F /* Products */ = {
			isa = PBXGroup;
			children = (
				341DD6B527674A0E00507F1F /* e-conomic.app */,
				341DD6CB27674A1000507F1F /* e-conomicTests.xctest */,
				341DD6D527674A1000507F1F /* e-conomicUITests.xctest */,
			);
			name = Products;
			sourceTree = "<group>";
		};
		341DD6B727674A0E00507F1F /* e-conomic */ = {
			isa = PBXGroup;
			children = (
				341DD6E82767532A00507F1F /* App */,
				341DD6C127674A1000507F1F /* Assets.xcassets */,
				341DD6C627674A1000507F1F /* Info.plist */,
			);
			path = "e-conomic";
			sourceTree = "<group>";
		};
		341DD6CE27674A1000507F1F /* e-conomicTests */ = {
			isa = PBXGroup;
			children = (
				341DD6CF27674A1000507F1F /* e_conomicTests.swift */,
			);
			path = "e-conomicTests";
			sourceTree = "<group>";
		};
		341DD6D827674A1000507F1F /* e-conomicUITests */ = {
			isa = PBXGroup;
			children = (
				341DD6D927674A1000507F1F /* e_conomicUITests.swift */,
				341DD6DB27674A1000507F1F /* e_conomicUITestsLaunchTests.swift */,
			);
			path = "e-conomicUITests";
			sourceTree = "<group>";
		};
		341DD6E82767532A00507F1F /* App */ = {
			isa = PBXGroup;
			children = (
				341DD6EF276753FB00507F1F /* Helpers */,
				341DD6EE276753F100507F1F /* Resources */,
				341DD6ED276753E200507F1F /* Views */,
				341DD6EC276753CF00507F1F /* ViewModels */,
				341DD6EB276753C900507F1F /* Models */,
				341DD6EA276753C000507F1F /* Controllers */,
				341DD6E92767539A00507F1F /* Common */,
			);
			path = App;
			sourceTree = "<group>";
		};
		341DD6E92767539A00507F1F /* Common */ = {
			isa = PBXGroup;
			children = (
				341DD6B827674A0E00507F1F /* AppDelegate.swift */,
				341DD6BE27674A0E00507F1F /* Main.storyboard */,
				341DD6C327674A1000507F1F /* LaunchScreen.storyboard */,
			);
			path = Common;
			sourceTree = "<group>";
		};
		341DD6EA276753C000507F1F /* Controllers */ = {
			isa = PBXGroup;
			children = (
				345B958127679EA8008C5B75 /* Expense Details */,
				341DD7102767696800507F1F /* Expenses */,
			);
			path = Controllers;
			sourceTree = "<group>";
		};
		341DD6EB276753C900507F1F /* Models */ = {
			isa = PBXGroup;
			children = (
			);
			path = Models;
			sourceTree = "<group>";
		};
		341DD6EC276753CF00507F1F /* ViewModels */ = {
			isa = PBXGroup;
			children = (
			);
			path = ViewModels;
			sourceTree = "<group>";
		};
		341DD6ED276753E200507F1F /* Views */ = {
			isa = PBXGroup;
			children = (
				341DD71227676A3D00507F1F /* Common */,
				341DD711276769B900507F1F /* Expenses */,
			);
			path = Views;
			sourceTree = "<group>";
		};
		341DD6EE276753F100507F1F /* Resources */ = {
			isa = PBXGroup;
			children = (
			);
			path = Resources;
			sourceTree = "<group>";
		};
		341DD6EF276753FB00507F1F /* Helpers */ = {
			isa = PBXGroup;
			children = (
				345B957E27679040008C5B75 /* Managers */,
				341DD6F02767540300507F1F /* Extensions */,
			);
			path = Helpers;
			sourceTree = "<group>";
		};
		341DD6F02767540300507F1F /* Extensions */ = {
			isa = PBXGroup;
			children = (
				345B95842767A15A008C5B75 /* UIViewController */,
				341DD70D2767567B00507F1F /* Notification */,
				341DD70A2767562C00507F1F /* UITextField */,
				341DD707276755F200507F1F /* UIButton */,
				341DD704276755C300507F1F /* UIColor */,
				341DD7012767557F00507F1F /* UIFont */,
				341DD6FE2767556600507F1F /* UIImageView */,
				341DD6FB2767552F00507F1F /* UILabel */,
				341DD6F6276754AE00507F1F /* UIStackView */,
				341DD6F12767540900507F1F /* UIView */,
			);
			path = Extensions;
			sourceTree = "<group>";
		};
		341DD6F12767540900507F1F /* UIView */ = {
			isa = PBXGroup;
			children = (
				341DD6F22767545800507F1F /* UIView+Init.swift */,
				341DD6F42767548A00507F1F /* UIView+Layout.swift */,
			);
			path = UIView;
			sourceTree = "<group>";
		};
		341DD6F6276754AE00507F1F /* UIStackView */ = {
			isa = PBXGroup;
			children = (
				341DD6F7276754CB00507F1F /* HStackView.swift */,
				341DD6F9276754DF00507F1F /* VStackView.swift */,
			);
			path = UIStackView;
			sourceTree = "<group>";
		};
		341DD6FB2767552F00507F1F /* UILabel */ = {
			isa = PBXGroup;
			children = (
				341DD6FC2767553E00507F1F /* UILabel+Init.swift */,
			);
			path = UILabel;
			sourceTree = "<group>";
		};
		341DD6FE2767556600507F1F /* UIImageView */ = {
			isa = PBXGroup;
			children = (
				341DD6FF2767557600507F1F /* UIImageView+Init.swift */,
			);
			path = UIImageView;
			sourceTree = "<group>";
		};
		341DD7012767557F00507F1F /* UIFont */ = {
			isa = PBXGroup;
			children = (
				341DD7022767559B00507F1F /* UIFont+Ext.swift */,
			);
			path = UIFont;
			sourceTree = "<group>";
		};
		341DD704276755C300507F1F /* UIColor */ = {
			isa = PBXGroup;
			children = (
				341DD705276755D600507F1F /* UIColor+Init.swift */,
			);
			path = UIColor;
			sourceTree = "<group>";
		};
		341DD707276755F200507F1F /* UIButton */ = {
			isa = PBXGroup;
			children = (
				341DD7082767560200507F1F /* UIButoon+Init.swift */,
			);
			path = UIButton;
			sourceTree = "<group>";
		};
		341DD70A2767562C00507F1F /* UITextField */ = {
			isa = PBXGroup;
			children = (
				341DD70B2767564000507F1F /* UITextField+Init.swift */,
			);
			path = UITextField;
			sourceTree = "<group>";
		};
		341DD70D2767567B00507F1F /* Notification */ = {
			isa = PBXGroup;
			children = (
				341DD70E2767569000507F1F /* Notification+Ext.swift */,
			);
			path = Notification;
			sourceTree = "<group>";
		};
		341DD7102767696800507F1F /* Expenses */ = {
			isa = PBXGroup;
			children = (
				341DD6BC27674A0E00507F1F /* ExpensesVC.swift */,
			);
			path = Expenses;
			sourceTree = "<group>";
		};
		341DD711276769B900507F1F /* Expenses */ = {
			isa = PBXGroup;
			children = (
				341DD7152767796400507F1F /* ExpenseCell.swift */,
			);
			path = Expenses;
			sourceTree = "<group>";
		};
		341DD71227676A3D00507F1F /* Common */ = {
			isa = PBXGroup;
			children = (
				341DD71327676AEA00507F1F /* BaseCollectionViewCell.swift */,
			);
			path = Common;
			sourceTree = "<group>";
		};
		345B957E27679040008C5B75 /* Managers */ = {
			isa = PBXGroup;
			children = (
				345B957F27679057008C5B75 /* AssetManager.swift */,
			);
			path = Managers;
			sourceTree = "<group>";
		};
		345B958127679EA8008C5B75 /* Expense Details */ = {
			isa = PBXGroup;
			children = (
				345B958227679EBB008C5B75 /* ExpenseDetailVC.swift */,
			);
			path = "Expense Details";
			sourceTree = "<group>";
		};
		345B95842767A15A008C5B75 /* UIViewController */ = {
			isa = PBXGroup;
			children = (
				345B95852767A192008C5B75 /* UIViewController+Ext.swift */,
			);
			path = UIViewController;
			sourceTree = "<group>";
		};
/* End PBXGroup section */

/* Begin PBXNativeTarget section */
		341DD6B427674A0E00507F1F /* e-conomic */ = {
			isa = PBXNativeTarget;
			buildConfigurationList = 341DD6DF27674A1000507F1F /* Build configuration list for PBXNativeTarget "e-conomic" */;
			buildPhases = (
				341DD6B127674A0E00507F1F /* Sources */,
				341DD6B227674A0E00507F1F /* Frameworks */,
				341DD6B327674A0E00507F1F /* Resources */,
			);
			buildRules = (
			);
			dependencies = (
			);
			name = "e-conomic";
			productName = "e-conomic";
			productReference = 341DD6B527674A0E00507F1F /* e-conomic.app */;
			productType = "com.apple.product-type.application";
		};
		341DD6CA27674A1000507F1F /* e-conomicTests */ = {
			isa = PBXNativeTarget;
			buildConfigurationList = 341DD6E227674A1000507F1F /* Build configuration list for PBXNativeTarget "e-conomicTests" */;
			buildPhases = (
				341DD6C727674A1000507F1F /* Sources */,
				341DD6C827674A1000507F1F /* Frameworks */,
				341DD6C927674A1000507F1F /* Resources */,
			);
			buildRules = (
			);
			dependencies = (
				341DD6CD27674A1000507F1F /* PBXTargetDependency */,
			);
			name = "e-conomicTests";
			productName = "e-conomicTests";
			productReference = 341DD6CB27674A1000507F1F /* e-conomicTests.xctest */;
			productType = "com.apple.product-type.bundle.unit-test";
		};
		341DD6D427674A1000507F1F /* e-conomicUITests */ = {
			isa = PBXNativeTarget;
			buildConfigurationList = 341DD6E527674A1000507F1F /* Build configuration list for PBXNativeTarget "e-conomicUITests" */;
			buildPhases = (
				341DD6D127674A1000507F1F /* Sources */,
				341DD6D227674A1000507F1F /* Frameworks */,
				341DD6D327674A1000507F1F /* Resources */,
			);
			buildRules = (
			);
			dependencies = (
				341DD6D727674A1000507F1F /* PBXTargetDependency */,
			);
			name = "e-conomicUITests";
			productName = "e-conomicUITests";
			productReference = 341DD6D527674A1000507F1F /* e-conomicUITests.xctest */;
			productType = "com.apple.product-type.bundle.ui-testing";
		};
/* End PBXNativeTarget section */

/* Begin PBXProject section */
		341DD6AD27674A0E00507F1F /* Project object */ = {
			isa = PBXProject;
			attributes = {
				BuildIndependentTargetsInParallel = 1;
				LastSwiftUpdateCheck = 1310;
				LastUpgradeCheck = 1310;
				ORGANIZATIONNAME = Priyoneer;
				TargetAttributes = {
					341DD6B427674A0E00507F1F = {
						CreatedOnToolsVersion = 13.1;
					};
					341DD6CA27674A1000507F1F = {
						CreatedOnToolsVersion = 13.1;
						TestTargetID = 341DD6B427674A0E00507F1F;
					};
					341DD6D427674A1000507F1F = {
						CreatedOnToolsVersion = 13.1;
						TestTargetID = 341DD6B427674A0E00507F1F;
					};
				};
			};
			buildConfigurationList = 341DD6B027674A0E00507F1F /* Build configuration list for PBXProject "e-conomic" */;
			compatibilityVersion = "Xcode 13.0";
			developmentRegion = en;
			hasScannedForEncodings = 0;
			knownRegions = (
				en,
				Base,
			);
			mainGroup = 341DD6AC27674A0E00507F1F;
			productRefGroup = 341DD6B627674A0E00507F1F /* Products */;
			projectDirPath = "";
			projectRoot = "";
			targets = (
				341DD6B427674A0E00507F1F /* e-conomic */,
				341DD6CA27674A1000507F1F /* e-conomicTests */,
				341DD6D427674A1000507F1F /* e-conomicUITests */,
			);
		};
/* End PBXProject section */

/* Begin PBXResourcesBuildPhase section */
		341DD6B327674A0E00507F1F /* Resources */ = {
			isa = PBXResourcesBuildPhase;
			buildActionMask = 2147483647;
			files = (
				341DD6C527674A1000507F1F /* LaunchScreen.storyboard in Resources */,
				341DD6C227674A1000507F1F /* Assets.xcassets in Resources */,
				341DD6C027674A0E00507F1F /* Main.storyboard in Resources */,
			);
			runOnlyForDeploymentPostprocessing = 0;
		};
		341DD6C927674A1000507F1F /* Resources */ = {
			isa = PBXResourcesBuildPhase;
			buildActionMask = 2147483647;
			files = (
			);
			runOnlyForDeploymentPostprocessing = 0;
		};
		341DD6D327674A1000507F1F /* Resources */ = {
			isa = PBXResourcesBuildPhase;
			buildActionMask = 2147483647;
			files = (
			);
			runOnlyForDeploymentPostprocessing = 0;
		};
/* End PBXResourcesBuildPhase section */

/* Begin PBXSourcesBuildPhase section */
		341DD6B127674A0E00507F1F /* Sources */ = {
			isa = PBXSourcesBuildPhase;
			buildActionMask = 2147483647;
			files = (
				341DD6FA276754DF00507F1F /* VStackView.swift in Sources */,
				341DD71427676AEA00507F1F /* BaseCollectionViewCell.swift in Sources */,
				341DD7092767560200507F1F /* UIButoon+Init.swift in Sources */,
				341DD70F2767569000507F1F /* Notification+Ext.swift in Sources */,
				341DD6F52767548A00507F1F /* UIView+Layout.swift in Sources */,
				345B958327679EBB008C5B75 /* ExpenseDetailVC.swift in Sources */,
				341DD6F32767545800507F1F /* UIView+Init.swift in Sources */,
				341DD706276755D600507F1F /* UIColor+Init.swift in Sources */,
				345B95862767A192008C5B75 /* UIViewController+Ext.swift in Sources */,
				341DD7162767796400507F1F /* ExpenseCell.swift in Sources */,
				345B958027679057008C5B75 /* AssetManager.swift in Sources */,
				341DD6FD2767553E00507F1F /* UILabel+Init.swift in Sources */,
				341DD7002767557600507F1F /* UIImageView+Init.swift in Sources */,
				341DD6BD27674A0E00507F1F /* ExpensesVC.swift in Sources */,
				341DD7032767559B00507F1F /* UIFont+Ext.swift in Sources */,
				341DD6F8276754CB00507F1F /* HStackView.swift in Sources */,
				341DD6B927674A0E00507F1F /* AppDelegate.swift in Sources */,
				341DD70C2767564000507F1F /* UITextField+Init.swift in Sources */,
			);
			runOnlyForDeploymentPostprocessing = 0;
		};
		341DD6C727674A1000507F1F /* Sources */ = {
			isa = PBXSourcesBuildPhase;
			buildActionMask = 2147483647;
			files = (
				341DD6D027674A1000507F1F /* e_conomicTests.swift in Sources */,
			);
			runOnlyForDeploymentPostprocessing = 0;
		};
		341DD6D127674A1000507F1F /* Sources */ = {
			isa = PBXSourcesBuildPhase;
			buildActionMask = 2147483647;
			files = (
				341DD6DA27674A1000507F1F /* e_conomicUITests.swift in Sources */,
				341DD6DC27674A1000507F1F /* e_conomicUITestsLaunchTests.swift in Sources */,
			);
			runOnlyForDeploymentPostprocessing = 0;
		};
/* End PBXSourcesBuildPhase section */

/* Begin PBXTargetDependency section */
		341DD6CD27674A1000507F1F /* PBXTargetDependency */ = {
			isa = PBXTargetDependency;
			target = 341DD6B427674A0E00507F1F /* e-conomic */;
			targetProxy = 341DD6CC27674A1000507F1F /* PBXContainerItemProxy */;
		};
		341DD6D727674A1000507F1F /* PBXTargetDependency */ = {
			isa = PBXTargetDependency;
			target = 341DD6B427674A0E00507F1F /* e-conomic */;
			targetProxy = 341DD6D627674A1000507F1F /* PBXContainerItemProxy */;
		};
/* End PBXTargetDependency section */

/* Begin PBXVariantGroup section */
		341DD6BE27674A0E00507F1F /* Main.storyboard */ = {
			isa = PBXVariantGroup;
			children = (
				341DD6BF27674A0E00507F1F /* Base */,
			);
			name = Main.storyboard;
			sourceTree = "<group>";
		};
		341DD6C327674A1000507F1F /* LaunchScreen.storyboard */ = {
			isa = PBXVariantGroup;
			children = (
				341DD6C427674A1000507F1F /* Base */,
			);
			name = LaunchScreen.storyboard;
			sourceTree = "<group>";
		};
/* End PBXVariantGroup section */

/* Begin XCBuildConfiguration section */
		341DD6DD27674A1000507F1F /* Debug */ = {
			isa = XCBuildConfiguration;
			buildSettings = {
				ALWAYS_SEARCH_USER_PATHS = NO;
				CLANG_ANALYZER_NONNULL = YES;
				CLANG_ANALYZER_NUMBER_OBJECT_CONVERSION = YES_AGGRESSIVE;
				CLANG_CXX_LANGUAGE_STANDARD = "gnu++17";
				CLANG_CXX_LIBRARY = "libc++";
				CLANG_ENABLE_MODULES = YES;
				CLANG_ENABLE_OBJC_ARC = YES;
				CLANG_ENABLE_OBJC_WEAK = YES;
				CLANG_WARN_BLOCK_CAPTURE_AUTORELEASING = YES;
				CLANG_WARN_BOOL_CONVERSION = YES;
				CLANG_WARN_COMMA = YES;
				CLANG_WARN_CONSTANT_CONVERSION = YES;
				CLANG_WARN_DEPRECATED_OBJC_IMPLEMENTATIONS = YES;
				CLANG_WARN_DIRECT_OBJC_ISA_USAGE = YES_ERROR;
				CLANG_WARN_DOCUMENTATION_COMMENTS = YES;
				CLANG_WARN_EMPTY_BODY = YES;
				CLANG_WARN_ENUM_CONVERSION = YES;
				CLANG_WARN_INFINITE_RECURSION = YES;
				CLANG_WARN_INT_CONVERSION = YES;
				CLANG_WARN_NON_LITERAL_NULL_CONVERSION = YES;
				CLANG_WARN_OBJC_IMPLICIT_RETAIN_SELF = YES;
				CLANG_WARN_OBJC_LITERAL_CONVERSION = YES;
				CLANG_WARN_OBJC_ROOT_CLASS = YES_ERROR;
				CLANG_WARN_QUOTED_INCLUDE_IN_FRAMEWORK_HEADER = YES;
				CLANG_WARN_RANGE_LOOP_ANALYSIS = YES;
				CLANG_WARN_STRICT_PROTOTYPES = YES;
				CLANG_WARN_SUSPICIOUS_MOVE = YES;
				CLANG_WARN_UNGUARDED_AVAILABILITY = YES_AGGRESSIVE;
				CLANG_WARN_UNREACHABLE_CODE = YES;
				CLANG_WARN__DUPLICATE_METHOD_MATCH = YES;
				COPY_PHASE_STRIP = NO;
				DEBUG_INFORMATION_FORMAT = dwarf;
				ENABLE_STRICT_OBJC_MSGSEND = YES;
				ENABLE_TESTABILITY = YES;
				GCC_C_LANGUAGE_STANDARD = gnu11;
				GCC_DYNAMIC_NO_PIC = NO;
				GCC_NO_COMMON_BLOCKS = YES;
				GCC_OPTIMIZATION_LEVEL = 0;
				GCC_PREPROCESSOR_DEFINITIONS = (
					"DEBUG=1",
					"$(inherited)",
				);
				GCC_WARN_64_TO_32_BIT_CONVERSION = YES;
				GCC_WARN_ABOUT_RETURN_TYPE = YES_ERROR;
				GCC_WARN_UNDECLARED_SELECTOR = YES;
				GCC_WARN_UNINITIALIZED_AUTOS = YES_AGGRESSIVE;
				GCC_WARN_UNUSED_FUNCTION = YES;
				GCC_WARN_UNUSED_VARIABLE = YES;
				IPHONEOS_DEPLOYMENT_TARGET = 15.0;
				MTL_ENABLE_DEBUG_INFO = INCLUDE_SOURCE;
				MTL_FAST_MATH = YES;
				ONLY_ACTIVE_ARCH = YES;
				SDKROOT = iphoneos;
				SWIFT_ACTIVE_COMPILATION_CONDITIONS = DEBUG;
				SWIFT_OPTIMIZATION_LEVEL = "-Onone";
			};
			name = Debug;
		};
		341DD6DE27674A1000507F1F /* Release */ = {
			isa = XCBuildConfiguration;
			buildSettings = {
				ALWAYS_SEARCH_USER_PATHS = NO;
				CLANG_ANALYZER_NONNULL = YES;
				CLANG_ANALYZER_NUMBER_OBJECT_CONVERSION = YES_AGGRESSIVE;
				CLANG_CXX_LANGUAGE_STANDARD = "gnu++17";
				CLANG_CXX_LIBRARY = "libc++";
				CLANG_ENABLE_MODULES = YES;
				CLANG_ENABLE_OBJC_ARC = YES;
				CLANG_ENABLE_OBJC_WEAK = YES;
				CLANG_WARN_BLOCK_CAPTURE_AUTORELEASING = YES;
				CLANG_WARN_BOOL_CONVERSION = YES;
				CLANG_WARN_COMMA = YES;
				CLANG_WARN_CONSTANT_CONVERSION = YES;
				CLANG_WARN_DEPRECATED_OBJC_IMPLEMENTATIONS = YES;
				CLANG_WARN_DIRECT_OBJC_ISA_USAGE = YES_ERROR;
				CLANG_WARN_DOCUMENTATION_COMMENTS = YES;
				CLANG_WARN_EMPTY_BODY = YES;
				CLANG_WARN_ENUM_CONVERSION = YES;
				CLANG_WARN_INFINITE_RECURSION = YES;
				CLANG_WARN_INT_CONVERSION = YES;
				CLANG_WARN_NON_LITERAL_NULL_CONVERSION = YES;
				CLANG_WARN_OBJC_IMPLICIT_RETAIN_SELF = YES;
				CLANG_WARN_OBJC_LITERAL_CONVERSION = YES;
				CLANG_WARN_OBJC_ROOT_CLASS = YES_ERROR;
				CLANG_WARN_QUOTED_INCLUDE_IN_FRAMEWORK_HEADER = YES;
				CLANG_WARN_RANGE_LOOP_ANALYSIS = YES;
				CLANG_WARN_STRICT_PROTOTYPES = YES;
				CLANG_WARN_SUSPICIOUS_MOVE = YES;
				CLANG_WARN_UNGUARDED_AVAILABILITY = YES_AGGRESSIVE;
				CLANG_WARN_UNREACHABLE_CODE = YES;
				CLANG_WARN__DUPLICATE_METHOD_MATCH = YES;
				COPY_PHASE_STRIP = NO;
				DEBUG_INFORMATION_FORMAT = "dwarf-with-dsym";
				ENABLE_NS_ASSERTIONS = NO;
				ENABLE_STRICT_OBJC_MSGSEND = YES;
				GCC_C_LANGUAGE_STANDARD = gnu11;
				GCC_NO_COMMON_BLOCKS = YES;
				GCC_WARN_64_TO_32_BIT_CONVERSION = YES;
				GCC_WARN_ABOUT_RETURN_TYPE = YES_ERROR;
				GCC_WARN_UNDECLARED_SELECTOR = YES;
				GCC_WARN_UNINITIALIZED_AUTOS = YES_AGGRESSIVE;
				GCC_WARN_UNUSED_FUNCTION = YES;
				GCC_WARN_UNUSED_VARIABLE = YES;
				IPHONEOS_DEPLOYMENT_TARGET = 15.0;
				MTL_ENABLE_DEBUG_INFO = NO;
				MTL_FAST_MATH = YES;
				SDKROOT = iphoneos;
				SWIFT_COMPILATION_MODE = wholemodule;
				SWIFT_OPTIMIZATION_LEVEL = "-O";
				VALIDATE_PRODUCT = YES;
			};
			name = Release;
		};
		341DD6E027674A1000507F1F /* Debug */ = {
			isa = XCBuildConfiguration;
			buildSettings = {
				ASSETCATALOG_COMPILER_APPICON_NAME = AppIcon;
				ASSETCATALOG_COMPILER_GLOBAL_ACCENT_COLOR_NAME = AccentColor;
				CODE_SIGN_STYLE = Automatic;
				CURRENT_PROJECT_VERSION = 1;
				DEVELOPMENT_TEAM = 892YP769F4;
				GENERATE_INFOPLIST_FILE = YES;
				INFOPLIST_FILE = "e-conomic/Info.plist";
				INFOPLIST_KEY_CFBundleDisplayName = "e-conomic";
				INFOPLIST_KEY_UIApplicationSupportsIndirectInputEvents = YES;
				INFOPLIST_KEY_UILaunchStoryboardName = LaunchScreen;
				INFOPLIST_KEY_UIMainStoryboardFile = Main;
				INFOPLIST_KEY_UISupportedInterfaceOrientations_iPad = "UIInterfaceOrientationPortrait UIInterfaceOrientationPortraitUpsideDown UIInterfaceOrientationLandscapeLeft UIInterfaceOrientationLandscapeRight";
				INFOPLIST_KEY_UISupportedInterfaceOrientations_iPhone = "UIInterfaceOrientationPortrait UIInterfaceOrientationLandscapeLeft UIInterfaceOrientationLandscapeRight";
				LD_RUNPATH_SEARCH_PATHS = (
					"$(inherited)",
					"@executable_path/Frameworks",
				);
				MARKETING_VERSION = 1.0;
				PRODUCT_BUNDLE_IDENTIFIER = "com.ipriyo.e-conomic";
				PRODUCT_NAME = "$(TARGET_NAME)";
				SWIFT_EMIT_LOC_STRINGS = YES;
				SWIFT_VERSION = 5.0;
				TARGETED_DEVICE_FAMILY = "1,2";
			};
			name = Debug;
		};
		341DD6E127674A1000507F1F /* Release */ = {
			isa = XCBuildConfiguration;
			buildSettings = {
				ASSETCATALOG_COMPILER_APPICON_NAME = AppIcon;
				ASSETCATALOG_COMPILER_GLOBAL_ACCENT_COLOR_NAME = AccentColor;
				CODE_SIGN_STYLE = Automatic;
				CURRENT_PROJECT_VERSION = 1;
				DEVELOPMENT_TEAM = 892YP769F4;
				GENERATE_INFOPLIST_FILE = YES;
				INFOPLIST_FILE = "e-conomic/Info.plist";
				INFOPLIST_KEY_CFBundleDisplayName = "e-conomic";
				INFOPLIST_KEY_UIApplicationSupportsIndirectInputEvents = YES;
				INFOPLIST_KEY_UILaunchStoryboardName = LaunchScreen;
				INFOPLIST_KEY_UIMainStoryboardFile = Main;
				INFOPLIST_KEY_UISupportedInterfaceOrientations_iPad = "UIInterfaceOrientationPortrait UIInterfaceOrientationPortraitUpsideDown UIInterfaceOrientationLandscapeLeft UIInterfaceOrientationLandscapeRight";
				INFOPLIST_KEY_UISupportedInterfaceOrientations_iPhone = "UIInterfaceOrientationPortrait UIInterfaceOrientationLandscapeLeft UIInterfaceOrientationLandscapeRight";
				LD_RUNPATH_SEARCH_PATHS = (
					"$(inherited)",
					"@executable_path/Frameworks",
				);
				MARKETING_VERSION = 1.0;
				PRODUCT_BUNDLE_IDENTIFIER = "com.ipriyo.e-conomic";
				PRODUCT_NAME = "$(TARGET_NAME)";
				SWIFT_EMIT_LOC_STRINGS = YES;
				SWIFT_VERSION = 5.0;
				TARGETED_DEVICE_FAMILY = "1,2";
			};
			name = Release;
		};
		341DD6E327674A1000507F1F /* Debug */ = {
			isa = XCBuildConfiguration;
			buildSettings = {
				ALWAYS_EMBED_SWIFT_STANDARD_LIBRARIES = YES;
				BUNDLE_LOADER = "$(TEST_HOST)";
				CODE_SIGN_STYLE = Automatic;
				CURRENT_PROJECT_VERSION = 1;
				DEVELOPMENT_TEAM = 892YP769F4;
				GENERATE_INFOPLIST_FILE = YES;
				IPHONEOS_DEPLOYMENT_TARGET = 15.0;
				LD_RUNPATH_SEARCH_PATHS = (
					"$(inherited)",
					"@executable_path/Frameworks",
					"@loader_path/Frameworks",
				);
				MARKETING_VERSION = 1.0;
				PRODUCT_BUNDLE_IDENTIFIER = "com.ipriyo.e-conomicTests";
				PRODUCT_NAME = "$(TARGET_NAME)";
				SWIFT_EMIT_LOC_STRINGS = NO;
				SWIFT_VERSION = 5.0;
				TARGETED_DEVICE_FAMILY = "1,2";
				TEST_HOST = "$(BUILT_PRODUCTS_DIR)/e-conomic.app/e-conomic";
			};
			name = Debug;
		};
		341DD6E427674A1000507F1F /* Release */ = {
			isa = XCBuildConfiguration;
			buildSettings = {
				ALWAYS_EMBED_SWIFT_STANDARD_LIBRARIES = YES;
				BUNDLE_LOADER = "$(TEST_HOST)";
				CODE_SIGN_STYLE = Automatic;
				CURRENT_PROJECT_VERSION = 1;
				DEVELOPMENT_TEAM = 892YP769F4;
				GENERATE_INFOPLIST_FILE = YES;
				IPHONEOS_DEPLOYMENT_TARGET = 15.0;
				LD_RUNPATH_SEARCH_PATHS = (
					"$(inherited)",
					"@executable_path/Frameworks",
					"@loader_path/Frameworks",
				);
				MARKETING_VERSION = 1.0;
				PRODUCT_BUNDLE_IDENTIFIER = "com.ipriyo.e-conomicTests";
				PRODUCT_NAME = "$(TARGET_NAME)";
				SWIFT_EMIT_LOC_STRINGS = NO;
				SWIFT_VERSION = 5.0;
				TARGETED_DEVICE_FAMILY = "1,2";
				TEST_HOST = "$(BUILT_PRODUCTS_DIR)/e-conomic.app/e-conomic";
			};
			name = Release;
		};
		341DD6E627674A1000507F1F /* Debug */ = {
			isa = XCBuildConfiguration;
			buildSettings = {
				ALWAYS_EMBED_SWIFT_STANDARD_LIBRARIES = YES;
				CODE_SIGN_STYLE = Automatic;
				CURRENT_PROJECT_VERSION = 1;
				DEVELOPMENT_TEAM = 892YP769F4;
				GENERATE_INFOPLIST_FILE = YES;
				LD_RUNPATH_SEARCH_PATHS = (
					"$(inherited)",
					"@executable_path/Frameworks",
					"@loader_path/Frameworks",
				);
				MARKETING_VERSION = 1.0;
				PRODUCT_BUNDLE_IDENTIFIER = "com.ipriyo.e-conomicUITests";
				PRODUCT_NAME = "$(TARGET_NAME)";
				SWIFT_EMIT_LOC_STRINGS = NO;
				SWIFT_VERSION = 5.0;
				TARGETED_DEVICE_FAMILY = "1,2";
				TEST_TARGET_NAME = "e-conomic";
			};
			name = Debug;
		};
		341DD6E727674A1000507F1F /* Release */ = {
			isa = XCBuildConfiguration;
			buildSettings = {
				ALWAYS_EMBED_SWIFT_STANDARD_LIBRARIES = YES;
				CODE_SIGN_STYLE = Automatic;
				CURRENT_PROJECT_VERSION = 1;
				DEVELOPMENT_TEAM = 892YP769F4;
				GENERATE_INFOPLIST_FILE = YES;
				LD_RUNPATH_SEARCH_PATHS = (
					"$(inherited)",
					"@executable_path/Frameworks",
					"@loader_path/Frameworks",
				);
				MARKETING_VERSION = 1.0;
				PRODUCT_BUNDLE_IDENTIFIER = "com.ipriyo.e-conomicUITests";
				PRODUCT_NAME = "$(TARGET_NAME)";
				SWIFT_EMIT_LOC_STRINGS = NO;
				SWIFT_VERSION = 5.0;
				TARGETED_DEVICE_FAMILY = "1,2";
				TEST_TARGET_NAME = "e-conomic";
			};
			name = Release;
		};
/* End XCBuildConfiguration section */

/* Begin XCConfigurationList section */
		341DD6B027674A0E00507F1F /* Build configuration list for PBXProject "e-conomic" */ = {
			isa = XCConfigurationList;
			buildConfigurations = (
				341DD6DD27674A1000507F1F /* Debug */,
				341DD6DE27674A1000507F1F /* Release */,
			);
			defaultConfigurationIsVisible = 0;
			defaultConfigurationName = Release;
		};
		341DD6DF27674A1000507F1F /* Build configuration list for PBXNativeTarget "e-conomic" */ = {
			isa = XCConfigurationList;
			buildConfigurations = (
				341DD6E027674A1000507F1F /* Debug */,
				341DD6E127674A1000507F1F /* Release */,
			);
			defaultConfigurationIsVisible = 0;
			defaultConfigurationName = Release;
		};
		341DD6E227674A1000507F1F /* Build configuration list for PBXNativeTarget "e-conomicTests" */ = {
			isa = XCConfigurationList;
			buildConfigurations = (
				341DD6E327674A1000507F1F /* Debug */,
				341DD6E427674A1000507F1F /* Release */,
			);
			defaultConfigurationIsVisible = 0;
			defaultConfigurationName = Release;
		};
		341DD6E527674A1000507F1F /* Build configuration list for PBXNativeTarget "e-conomicUITests" */ = {
			isa = XCConfigurationList;
			buildConfigurations = (
				341DD6E627674A1000507F1F /* Debug */,
				341DD6E727674A1000507F1F /* Release */,
			);
			defaultConfigurationIsVisible = 0;
			defaultConfigurationName = Release;
		};
/* End XCConfigurationList section */
	};
	rootObject = 341DD6AD27674A0E00507F1F /* Project object */;
}
